{
  "nodes": {
    "import-tree": {
      "locked": {
        "lastModified": 1784254960,
        "narHash": "sha256-iI88R3wHz8wTKQb5orvpc51L/Xr64AJyxid/0MKa/b8=",
        "owner": "vic",
        "repo": "import-tree",
        "rev": "4ebb10ae17d5f1ad366e7aef5b92cb8eecf24f69",
        "type": "github"
      },
      "original": {
        "owner": "vic",
        "repo": "import-tree",
        "type": "github"
      }
    },
    "nixpkgs": {
      "locked": {
        "lastModified": 1786862985,
        "narHash": "sha256-FBJRXmbGXiSUDvYEbfLYRkckayyZ6SK1UEqhCrIZ2Cs=",
        "rev": "e5bdc4a41d4c072fe1e3787eaa0320a384741d44",
        "revCount": 1055335,
        "type": "tarball",
        "url": "https://api.flakehub.com/f/pinned/NixOS/nixpkgs/0.1.1055335%2Brev-e5bdc4a41d4c072fe1e3787eaa0320a384741d44/01a00b4f-3e29-7710-a380-5250182df9df/source.tar.gz"
      },
      "original": {
        "type": "tarball",
        "url": "https://flakehub.com/f/NixOS/nixpkgs/0.1"
      }
    },
    "nixstable": {
      "locked": {
        "lastModified": 1786711500,
        "narHash": "sha256-QvnceIGTBeDvDd9oCn+GvdsnkquliuwbVgpiRH68qaQ=",
        "rev": "02e08985a27c65ffd33d434eeb2e660a2e4dc84d",
        "revCount": 1011966,
        "type": "tarball",
        "url": "https://api.flakehub.com/f/pinned/NixOS/nixpkgs/0.2605.1011966%2Brev-02e08985a27c65ffd33d434eeb2e660a2e4dc84d/01a003f1-59bd-7782-b0ed-5cbf8697f61e/source.tar.gz"
      },
      "original": {
        "type": "tarball",
        "url": "https://flakehub.com/f/NixOS/nixpkgs/%2A"
      }
    },
    "root": {
      "inputs": {
        "import-tree": "import-tree",
        "nixpkgs": "nixpkgs",
        "nixstable": "nixstable"
      }
    }
  },
  "root": "root",
  "version": 7
}
